Microsoft Visual Studio Solution File, Format Version 12.00
# Visual Studio Version 17
VisualStudioVersion = 17.0.31903.59
MinimumVisualStudioVersion = 10.0.40219.1
Project("{FAE04EC0-301F-11D3-BF4B-00C04F79EFBC}") = "ProyectoBase.Api.Api", "Backend\ProyectoBase.Api\ProyectoBase.Api.Api.csproj", "{B8DBE12D-7833-41CC-8A18-7FDFC610FB8E}"
EndProject
Project("{FAE04EC0-301F-11D3-BF4B-00C04F79EFBC}") = "ProyectoBase.Api.Domain", "Backend\ProyectoBase.Domain\ProyectoBase.Api.Domain.csproj", "{C65F0F41-E0CB-4919-8348-DB3AA8A4949F}"
EndProject
Project("{FAE04EC0-301F-11D3-BF4B-00C04F79EFBC}") = "ProyectoBase.Api.Application", "Backend\ProyectoBase.Application\ProyectoBase.Api.Application.csproj", "{1D73C601-A31A-4F59-A51B-D26E80292F7F}"
EndProject
Project("{FAE04EC0-301F-11D3-BF4B-00C04F79EFBC}") = "ProyectoBase.Api.Infrastructure", "Backend\ProyectoBase.Infrastructure\ProyectoBase.Api.Infrastructure.csproj", "{21250535-58FB-4EBE-8A40-202D033FCEAD}"
EndProject
Project("{FAE04EC0-301F-11D3-BF4B-00C04F79EFBC}") = "ProyectoBase.Api.Application.Tests", "Backend\ProyectoBase.Application.Tests\ProyectoBase.Api.Application.Tests.csproj", "{DA44A544-1B76-4E7B-94E8-5607068DCE14}"
EndProject
Project("{FAE04EC0-301F-11D3-BF4B-00C04F79EFBC}") = "ProyectoBase.Api.Domain.Tests", "Backend\ProyectoBase.Domain.Tests\ProyectoBase.Api.Domain.Tests.csproj", "{94E83EA3-E449-4F1B-8BF4-EA3EDF02107A}"
EndProject
Project("{FAE04EC0-301F-11D3-BF4B-00C04F79EFBC}") = "ProyectoBase.Api.IntegrationTests", "Backend\ProyectoBase.Api.IntegrationTests\ProyectoBase.Api.IntegrationTests.csproj", "{4F682FD9-F845-489D-B315-037F000E5173}"
EndProject
Global
        GlobalSection(SolutionConfigurationPlatforms) = preSolution
                Debug|Any CPU = Debug|Any CPU
                Debug|x64 = Debug|x64
                Debug|x86 = Debug|x86
                Release|Any CPU = Release|Any CPU
                Release|x64 = Release|x64
                Release|x86 = Release|x86
        EndGlobalSection
        GlobalSection(ProjectConfigurationPlatforms) = postSolution
                {B8DBE12D-7833-41CC-8A18-7FDFC610FB8E}.Debug|Any CPU.ActiveCfg = Debug|Any CPU
                {B8DBE12D-7833-41CC-8A18-7FDFC610FB8E}.Debug|Any CPU.Build.0 = Debug|Any CPU
                {B8DBE12D-7833-41CC-8A18-7FDFC610FB8E}.Debug|x64.ActiveCfg = Debug|Any CPU
                {B8DBE12D-7833-41CC-8A18-7FDFC610FB8E}.Debug|x64.Build.0 = Debug|Any CPU
                {B8DBE12D-7833-41CC-8A18-7FDFC610FB8E}.Debug|x86.ActiveCfg = Debug|Any CPU
                {B8DBE12D-7833-41CC-8A18-7FDFC610FB8E}.Debug|x86.Build.0 = Debug|Any CPU
                {B8DBE12D-7833-41CC-8A18-7FDFC610FB8E}.Release|Any CPU.ActiveCfg = Release|Any CPU
                {B8DBE12D-7833-41CC-8A18-7FDFC610FB8E}.Release|Any CPU.Build.0 = Release|Any CPU
                {B8DBE12D-7833-41CC-8A18-7FDFC610FB8E}.Release|x64.ActiveCfg = Release|Any CPU
                {B8DBE12D-7833-41CC-8A18-7FDFC610FB8E}.Release|x64.Build.0 = Release|Any CPU
                {B8DBE12D-7833-41CC-8A18-7FDFC610FB8E}.Release|x86.ActiveCfg = Release|Any CPU
                {B8DBE12D-7833-41CC-8A18-7FDFC610FB8E}.Release|x86.Build.0 = Release|Any CPU
                {C65F0F41-E0CB-4919-8348-DB3AA8A4949F}.Debug|Any CPU.ActiveCfg = Debug|Any CPU
                {C65F0F41-E0CB-4919-8348-DB3AA8A4949F}.Debug|Any CPU.Build.0 = Debug|Any CPU
                {C65F0F41-E0CB-4919-8348-DB3AA8A4949F}.Debug|x64.ActiveCfg = Debug|Any CPU
                {C65F0F41-E0CB-4919-8348-DB3AA8A4949F}.Debug|x64.Build.0 = Debug|Any CPU
                {C65F0F41-E0CB-4919-8348-DB3AA8A4949F}.Debug|x86.ActiveCfg = Debug|Any CPU
                {C65F0F41-E0CB-4919-8348-DB3AA8A4949F}.Debug|x86.Build.0 = Debug|Any CPU
                {C65F0F41-E0CB-4919-8348-DB3AA8A4949F}.Release|Any CPU.ActiveCfg = Release|Any CPU
                {C65F0F41-E0CB-4919-8348-DB3AA8A4949F}.Release|Any CPU.Build.0 = Release|Any CPU
                {C65F0F41-E0CB-4919-8348-DB3AA8A4949F}.Release|x64.ActiveCfg = Release|Any CPU
                {C65F0F41-E0CB-4919-8348-DB3AA8A4949F}.Release|x64.Build.0 = Release|Any CPU
                {C65F0F41-E0CB-4919-8348-DB3AA8A4949F}.Release|x86.ActiveCfg = Release|Any CPU
                {C65F0F41-E0CB-4919-8348-DB3AA8A4949F}.Release|x86.Build.0 = Release|Any CPU
                {1D73C601-A31A-4F59-A51B-D26E80292F7F}.Debug|Any CPU.ActiveCfg = Debug|Any CPU
                {1D73C601-A31A-4F59-A51B-D26E80292F7F}.Debug|Any CPU.Build.0 = Debug|Any CPU
                {1D73C601-A31A-4F59-A51B-D26E80292F7F}.Debug|x64.ActiveCfg = Debug|Any CPU
                {1D73C601-A31A-4F59-A51B-D26E80292F7F}.Debug|x64.Build.0 = Debug|Any CPU
                {1D73C601-A31A-4F59-A51B-D26E80292F7F}.Debug|x86.ActiveCfg = Debug|Any CPU
                {1D73C601-A31A-4F59-A51B-D26E80292F7F}.Debug|x86.Build.0 = Debug|Any CPU
                {1D73C601-A31A-4F59-A51B-D26E80292F7F}.Release|Any CPU.ActiveCfg = Release|Any CPU
                {1D73C601-A31A-4F59-A51B-D26E80292F7F}.Release|Any CPU.Build.0 = Release|Any CPU
                {1D73C601-A31A-4F59-A51B-D26E80292F7F}.Release|x64.ActiveCfg = Release|Any CPU
                {1D73C601-A31A-4F59-A51B-D26E80292F7F}.Release|x64.Build.0 = Release|Any CPU
                {1D73C601-A31A-4F59-A51B-D26E80292F7F}.Release|x86.ActiveCfg = Release|Any CPU
                {1D73C601-A31A-4F59-A51B-D26E80292F7F}.Release|x86.Build.0 = Release|Any CPU
                {21250535-58FB-4EBE-8A40-202D033FCEAD}.Debug|Any CPU.ActiveCfg = Debug|Any CPU
                {21250535-58FB-4EBE-8A40-202D033FCEAD}.Debug|Any CPU.Build.0 = Debug|Any CPU
                {21250535-58FB-4EBE-8A40-202D033FCEAD}.Debug|x64.ActiveCfg = Debug|Any CPU
                {21250535-58FB-4EBE-8A40-202D033FCEAD}.Debug|x64.Build.0 = Debug|Any CPU
                {21250535-58FB-4EBE-8A40-202D033FCEAD}.Debug|x86.ActiveCfg = Debug|Any CPU
                {21250535-58FB-4EBE-8A40-202D033FCEAD}.Debug|x86.Build.0 = Debug|Any CPU
                {21250535-58FB-4EBE-8A40-202D033FCEAD}.Release|Any CPU.ActiveCfg = Release|Any CPU
                {21250535-58FB-4EBE-8A40-202D033FCEAD}.Release|Any CPU.Build.0 = Release|Any CPU
                {21250535-58FB-4EBE-8A40-202D033FCEAD}.Release|x64.ActiveCfg = Release|Any CPU
                {21250535-58FB-4EBE-8A40-202D033FCEAD}.Release|x64.Build.0 = Release|Any CPU
                {21250535-58FB-4EBE-8A40-202D033FCEAD}.Release|x86.ActiveCfg = Release|Any CPU
                {21250535-58FB-4EBE-8A40-202D033FCEAD}.Release|x86.Build.0 = Release|Any CPU
                {DA44A544-1B76-4E7B-94E8-5607068DCE14}.Debug|Any CPU.ActiveCfg = Debug|Any CPU
                {DA44A544-1B76-4E7B-94E8-5607068DCE14}.Debug|Any CPU.Build.0 = Debug|Any CPU
                {DA44A544-1B76-4E7B-94E8-5607068DCE14}.Debug|x64.ActiveCfg = Debug|Any CPU
                {DA44A544-1B76-4E7B-94E8-5607068DCE14}.Debug|x64.Build.0 = Debug|Any CPU
                {DA44A544-1B76-4E7B-94E8-5607068DCE14}.Debug|x86.ActiveCfg = Debug|Any CPU
                {DA44A544-1B76-4E7B-94E8-5607068DCE14}.Debug|x86.Build.0 = Debug|Any CPU
                {DA44A544-1B76-4E7B-94E8-5607068DCE14}.Release|Any CPU.ActiveCfg = Release|Any CPU
                {DA44A544-1B76-4E7B-94E8-5607068DCE14}.Release|Any CPU.Build.0 = Release|Any CPU
                {DA44A544-1B76-4E7B-94E8-5607068DCE14}.Release|x64.ActiveCfg = Release|Any CPU
                {DA44A544-1B76-4E7B-94E8-5607068DCE14}.Release|x64.Build.0 = Release|Any CPU
                {DA44A544-1B76-4E7B-94E8-5607068DCE14}.Release|x86.ActiveCfg = Release|Any CPU
                {DA44A544-1B76-4E7B-94E8-5607068DCE14}.Release|x86.Build.0 = Release|Any CPU
                {94E83EA3-E449-4F1B-8BF4-EA3EDF02107A}.Debug|Any CPU.ActiveCfg = Debug|Any CPU
                {94E83EA3-E449-4F1B-8BF4-EA3EDF02107A}.Debug|Any CPU.Build.0 = Debug|Any CPU
                {94E83EA3-E449-4F1B-8BF4-EA3EDF02107A}.Debug|x64.ActiveCfg = Debug|Any CPU
                {94E83EA3-E449-4F1B-8BF4-EA3EDF02107A}.Debug|x64.Build.0 = Debug|Any CPU
                {94E83EA3-E449-4F1B-8BF4-EA3EDF02107A}.Debug|x86.ActiveCfg = Debug|Any CPU
                {94E83EA3-E449-4F1B-8BF4-EA3EDF02107A}.Debug|x86.Build.0 = Debug|Any CPU
                {94E83EA3-E449-4F1B-8BF4-EA3EDF02107A}.Release|Any CPU.ActiveCfg = Release|Any CPU
                {94E83EA3-E449-4F1B-8BF4-EA3EDF02107A}.Release|Any CPU.Build.0 = Release|Any CPU
                {94E83EA3-E449-4F1B-8BF4-EA3EDF02107A}.Release|x64.ActiveCfg = Release|Any CPU
                {94E83EA3-E449-4F1B-8BF4-EA3EDF02107A}.Release|x64.Build.0 = Release|Any CPU
                {94E83EA3-E449-4F1B-8BF4-EA3EDF02107A}.Release|x86.ActiveCfg = Release|Any CPU
                {94E83EA3-E449-4F1B-8BF4-EA3EDF02107A}.Release|x86.Build.0 = Release|Any CPU
                {4F682FD9-F845-489D-B315-037F000E5173}.Debug|Any CPU.ActiveCfg = Debug|Any CPU
                {4F682FD9-F845-489D-B315-037F000E5173}.Debug|Any CPU.Build.0 = Debug|Any CPU
                {4F682FD9-F845-489D-B315-037F000E5173}.Debug|x64.ActiveCfg = Debug|Any CPU
                {4F682FD9-F845-489D-B315-037F000E5173}.Debug|x64.Build.0 = Debug|Any CPU
                {4F682FD9-F845-489D-B315-037F000E5173}.Debug|x86.ActiveCfg = Debug|Any CPU
                {4F682FD9-F845-489D-B315-037F000E5173}.Debug|x86.Build.0 = Debug|Any CPU
                {4F682FD9-F845-489D-B315-037F000E5173}.Release|Any CPU.ActiveCfg = Release|Any CPU
                {4F682FD9-F845-489D-B315-037F000E5173}.Release|Any CPU.Build.0 = Release|Any CPU
                {4F682FD9-F845-489D-B315-037F000E5173}.Release|x64.ActiveCfg = Release|Any CPU
                {4F682FD9-F845-489D-B315-037F000E5173}.Release|x64.Build.0 = Release|Any CPU
                {4F682FD9-F845-489D-B315-037F000E5173}.Release|x86.ActiveCfg = Release|Any CPU
                {4F682FD9-F845-489D-B315-037F000E5173}.Release|x86.Build.0 = Release|Any CPU
        EndGlobalSection
        GlobalSection(SolutionProperties) = preSolution
                HideSolutionNode = FALSE
        EndGlobalSection
EndGlobal
